// !$*UTF8*$!
{
	archiveVersion = 1;
	classes = {
	};
	objectVersion = 46;
	objects = {

/* Begin PBXBuildFile section */
		CA1465AE13B02114B9500BEA /* Pods_UBCollaborate.framework in Frameworks */ = {isa = PBXBuildFile; fileRef = 2B09A69E6B0ED8E896BCC24B /* Pods_UBCollaborate.framework */; };
		E372ACB01EC91A390085DAC9 /* AppDelegate.swift in Sources */ = {isa = PBXBuildFile; fileRef = E372ACAF1EC91A390085DAC9 /* AppDelegate.swift */; };
		E372ACB21EC91A390085DAC9 /* ViewController.swift in Sources */ = {isa = PBXBuildFile; fileRef = E372ACB11EC91A390085DAC9 /* ViewController.swift */; };
		E372ACB51EC91A390085DAC9 /* Main.storyboard in Resources */ = {isa = PBXBuildFile; fileRef = E372ACB31EC91A390085DAC9 /* Main.storyboard */; };
		E372ACB81EC91A390085DAC9 /* UBCollaborate.xcdatamodeld in Sources */ = {isa = PBXBuildFile; fileRef = E372ACB61EC91A390085DAC9 /* UBCollaborate.xcdatamodeld */; };
		E372ACBA1EC91A390085DAC9 /* Assets.xcassets in Resources */ = {isa = PBXBuildFile; fileRef = E372ACB91EC91A390085DAC9 /* Assets.xcassets */; };
		E372ACBD1EC91A390085DAC9 /* LaunchScreen.storyboard in Resources */ = {isa = PBXBuildFile; fileRef = E372ACBB1EC91A390085DAC9 /* LaunchScreen.storyboard */; };
		E372ACC51EC92AE50085DAC9 /* Login.swift in Sources */ = {isa = PBXBuildFile; fileRef = E372ACC41EC92AE50085DAC9 /* Login.swift */; };
		E372ACC71EC938740085DAC9 /* Registration.swift in Sources */ = {isa = PBXBuildFile; fileRef = E372ACC61EC938740085DAC9 /* Registration.swift */; };
		E3D962DD1ED2BE0500AB38D2 /* ForgotPassword.swift in Sources */ = {isa = PBXBuildFile; fileRef = E3D962DC1ED2BE0500AB38D2 /* ForgotPassword.swift */; };
/* End PBXBuildFile section */

/* Begin PBXFileReference section */
		2B09A69E6B0ED8E896BCC24B /* Pods_UBCollaborate.framework */ = {isa = PBXFileReference; explicitFileType = wrapper.framework; includeInIndex = 0; path = Pods_UBCollaborate.framework; sourceTree = BUILT_PRODUCTS_DIR; };
		2D23320F04B9332C7B50ED14 /* Pods-UBCollaborate.release.xcconfig */ = {isa = PBXFileReference; includeInIndex = 1; lastKnownFileType = text.xcconfig; name = "Pods-UBCollaborate.release.xcconfig"; path = "Pods/Target Support Files/Pods-UBCollaborate/Pods-UBCollaborate.release.xcconfig"; sourceTree = "<group>"; };
		AB17CE8CA0B26716CC9C0841 /* Pods-UBCollaborate.debug.xcconfig */ = {isa = PBXFileReference; includeInIndex = 1; lastKnownFileType = text.xcconfig; name = "Pods-UBCollaborate.debug.xcconfig"; path = "Pods/Target Support Files/Pods-UBCollaborate/Pods-UBCollaborate.debug.xcconfig"; sourceTree = "<group>"; };
		E372ACAC1EC91A390085DAC9 /* UBCollaborate.app */ = {isa = PBXFileReference; explicitFileType = wrapper.application; includeInIndex = 0; path = UBCollaborate.app; sourceTree = BUILT_PRODUCTS_DIR; };
		E372ACAF1EC91A390085DAC9 /* AppDelegate.swift */ = {isa = PBXFileReference; lastKnownFileType = sourcecode.swift; path = AppDelegate.swift; sourceTree = "<group>"; };
		E372ACB11EC91A390085DAC9 /* ViewController.swift */ = {isa = PBXFileReference; lastKnownFileType = sourcecode.swift; path = ViewController.swift; sourceTree = "<group>"; };
		E372ACB41EC91A390085DAC9 /* Base */ = {isa = PBXFileReference; lastKnownFileType = file.storyboard; name = Base; path = Base.lproj/Main.storyboard; sourceTree = "<group>"; };
		E372ACB71EC91A390085DAC9 /* UBCollaborate.xcdatamodel */ = {isa = PBXFileReference; lastKnownFileType = wrapper.xcdatamodel; path = UBCollaborate.xcdatamodel; sourceTree = "<group>"; };
		E372ACB91EC91A390085DAC9 /* Assets.xcassets */ = {isa = PBXFileReference; lastKnownFileType = folder.assetcatalog; path = Assets.xcassets; sourceTree = "<group>"; };
		E372ACBC1EC91A390085DAC9 /* Base */ = {isa = PBXFileReference; lastKnownFileType = file.storyboard; name = Base; path = Base.lproj/LaunchScreen.storyboard; sourceTree = "<group>"; };
		E372ACBE1EC91A390085DAC9 /* Info.plist */ = {isa = PBXFileReference; lastKnownFileType = text.plist.xml; path = Info.plist; sourceTree = "<group>"; };
		E372ACC41EC92AE50085DAC9 /* Login.swift */ = {isa = PBXFileReference; fileEncoding = 4; lastKnownFileType = sourcecode.swift; path = Login.swift; sourceTree = "<group>"; };
		E372ACC61EC938740085DAC9 /* Registration.swift */ = {isa = PBXFileReference; fileEncoding = 4; lastKnownFileType = sourcecode.swift; path = Registration.swift; sourceTree = "<group>"; };
		E3D962DC1ED2BE0500AB38D2 /* ForgotPassword.swift */ = {isa = PBXFileReference; fileEncoding = 4; lastKnownFileType = sourcecode.swift; path = ForgotPassword.swift; sourceTree = "<group>"; };
/* End PBXFileReference section */

/* Begin PBXFrameworksBuildPhase section */
		E372ACA91EC91A390085DAC9 /* Frameworks */ = {
			isa = PBXFrameworksBuildPhase;
			buildActionMask = 2147483647;
			files = (
				CA1465AE13B02114B9500BEA /* Pods_UBCollaborate.framework in Frameworks */,
			);
			runOnlyForDeploymentPostprocessing = 0;
		};
/* End PBXFrameworksBuildPhase section */

/* Begin PBXGroup section */
		4B72F4F75569F74AD51EB322 /* Pods */ = {
			isa = PBXGroup;
			children = (
				AB17CE8CA0B26716CC9C0841 /* Pods-UBCollaborate.debug.xcconfig */,
				2D23320F04B9332C7B50ED14 /* Pods-UBCollaborate.release.xcconfig */,
			);
			name = Pods;
			sourceTree = "<group>";
		};
		E372ACA31EC91A390085DAC9 = {
			isa = PBXGroup;
			children = (
				E372ACAE1EC91A390085DAC9 /* UBCollaborate */,
				E372ACAD1EC91A390085DAC9 /* Products */,
				4B72F4F75569F74AD51EB322 /* Pods */,
				F59E23CD8C78C7BF2EB27E6B /* Frameworks */,
			);
			sourceTree = "<group>";
		};
		E372ACAD1EC91A390085DAC9 /* Products */ = {
			isa = PBXGroup;
			children = (
				E372ACAC1EC91A390085DAC9 /* UBCollaborate.app */,
			);
			name = Products;
			sourceTree = "<group>";
		};
		E372ACAE1EC91A390085DAC9 /* UBCollaborate */ = {
			isa = PBXGroup;
			children = (
				E372ACAF1EC91A390085DAC9 /* AppDelegate.swift */,
				E372ACB11EC91A390085DAC9 /* ViewController.swift */,
				E372ACC41EC92AE50085DAC9 /* Login.swift */,
				E372ACB31EC91A390085DAC9 /* Main.storyboard */,
				E372ACC61EC938740085DAC9 /* Registration.swift */,
				E372ACB91EC91A390085DAC9 /* Assets.xcassets */,
				E372ACBB1EC91A390085DAC9 /* LaunchScreen.storyboard */,
				E372ACBE1EC91A390085DAC9 /* Info.plist */,
				E372ACB61EC91A390085DAC9 /* UBCollaborate.xcdatamodeld */,
				E3D962DC1ED2BE0500AB38D2 /* ForgotPassword.swift */,
			);
			path = UBCollaborate;
			sourceTree = "<group>";
		};
		F59E23CD8C78C7BF2EB27E6B /* Frameworks */ = {
			isa = PBXGroup;
			children = (
				2B09A69E6B0ED8E896BCC24B /* Pods_UBCollaborate.framework */,
			);
			name = Frameworks;
			sourceTree = "<group>";
		};
/* End PBXGroup section */

/* Begin PBXNativeTarget section */
		E372ACAB1EC91A390085DAC9 /* UBCollaborate */ = {
			isa = PBXNativeTarget;
			buildConfigurationList = E372ACC11EC91A390085DAC9 /* Build configuration list for PBXNativeTarget "UBCollaborate" */;
			buildPhases = (
				66B24ACB516A2DC1D3258E5D /* [CP] Check Pods Manifest.lock */,
				E372ACA81EC91A390085DAC9 /* Sources */,
				E372ACA91EC91A390085DAC9 /* Frameworks */,
				E372ACAA1EC91A390085DAC9 /* Resources */,
				E0EEE230EB46CE3D947F5CFB /* [CP] Embed Pods Frameworks */,
				300E13FBBB17B274AFD3C209 /* [CP] Copy Pods Resources */,
			);
			buildRules = (
			);
			dependencies = (
			);
			name = UBCollaborate;
			productName = UBCollaborate;
			productReference = E372ACAC1EC91A390085DAC9 /* UBCollaborate.app */;
			productType = "com.apple.product-type.application";
		};
/* End PBXNativeTarget section */

/* Begin PBXProject section */
		E372ACA41EC91A390085DAC9 /* Project object */ = {
			isa = PBXProject;
			attributes = {
				LastSwiftUpdateCheck = 0820;
				LastUpgradeCheck = 0820;
				ORGANIZATIONNAME = "Onur Tuna";
				TargetAttributes = {
					E372ACAB1EC91A390085DAC9 = {
						CreatedOnToolsVersion = 8.2.1;
						ProvisioningStyle = Automatic;
					};
				};
			};
			buildConfigurationList = E372ACA71EC91A390085DAC9 /* Build configuration list for PBXProject "UBCollaborate" */;
			compatibilityVersion = "Xcode 3.2";
			developmentRegion = English;
			hasScannedForEncodings = 0;
			knownRegions = (
				en,
				Base,
			);
			mainGroup = E372ACA31EC91A390085DAC9;
			productRefGroup = E372ACAD1EC91A390085DAC9 /* Products */;
			projectDirPath = "";
			projectRoot = "";
			targets = (
				E372ACAB1EC91A390085DAC9 /* UBCollaborate */,
			);
		};
/* End PBXProject section */

/* Begin PBXResourcesBuildPhase section */
		E372ACAA1EC91A390085DAC9 /* Resources */ = {
			isa = PBXResourcesBuildPhase;
			buildActionMask = 2147483647;
			files = (
				E372ACBD1EC91A390085DAC9 /* LaunchScreen.storyboard in Resources */,
				E372ACBA1EC91A390085DAC9 /* Assets.xcassets in Resources */,
				E372ACB51EC91A390085DAC9 /* Main.storyboard in Resources */,
			);
			runOnlyForDeploymentPostprocessing = 0;
		};
/* End PBXResourcesBuildPhase section */

/* Begin PBXShellScriptBuildPhase section */
		300E13FBBB17B274AFD3C209 /* [CP] Copy Pods Resources */ = {
			isa = PBXShellScriptBuildPhase;
			buildActionMask = 2147483647;
			files = (
			);
			inputPaths = (
			);
			name = "[CP] Copy Pods Resources";
			outputPaths = (
			);
			runOnlyForDeploymentPostprocessing = 0;
			shellPath = /bin/sh;
			shellScript = "\"${SRCROOT}/Pods/Target Support Files/Pods-UBCollaborate/Pods-UBCollaborate-resources.sh\"\n";
			showEnvVarsInLog = 0;
		};
		66B24ACB516A2DC1D3258E5D /* [CP] Check Pods Manifest.lock */ = {
			isa = PBXShellScriptBuildPhase;
			buildActionMask = 2147483647;
			files = (
			);
			inputPaths = (
			);
			name = "[CP] Check Pods Manifest.lock";
			outputPaths = (
			);
			runOnlyForDeploymentPostprocessing = 0;
			shellPath = /bin/sh;
			shellScript = "diff \"${PODS_PODFILE_DIR_PATH}/Podfile.lock\" \"${PODS_ROOT}/Manifest.lock\" > /dev/null\nif [ $? != 0 ] ; then\n    # print error to STDERR\n    echo \"error: The sandbox is not in sync with the Podfile.lock. Run 'pod install' or update your CocoaPods installation.\" >&2\n    exit 1\nfi\n";
			showEnvVarsInLog = 0;
		};
		E0EEE230EB46CE3D947F5CFB /* [CP] Embed Pods Frameworks */ = {
			isa = PBXShellScriptBuildPhase;
			buildActionMask = 2147483647;
			files = (
			);
			inputPaths = (
			);
			name = "[CP] Embed Pods Frameworks";
			outputPaths = (
			);
			runOnlyForDeploymentPostprocessing = 0;
			shellPath = /bin/sh;
			shellScript = "\"${SRCROOT}/Pods/Target Support Files/Pods-UBCollaborate/Pods-UBCollaborate-frameworks.sh\"\n";
			showEnvVarsInLog = 0;
		};
/* End PBXShellScriptBuildPhase section */

/* Begin PBXSourcesBuildPhase section */
		E372ACA81EC91A390085DAC9 /* Sources */ = {
			isa = PBXSourcesBuildPhase;
			buildActionMask = 2147483647;
			files = (
				E372ACB21EC91A390085DAC9 /* ViewController.swift in Sources */,
				E372ACB81EC91A390085DAC9 /* UBCollaborate.xcdatamodeld in Sources */,
				E372ACB01EC91A390085DAC9 /* AppDelegate.swift in Sources */,
				E372ACC71EC938740085DAC9 /* Registration.swift in Sources */,
				E372ACC51EC92AE50085DAC9 /* Login.swift in Sources */,
				E3D962DD1ED2BE0500AB38D2 /* ForgotPassword.swift in Sources */,
			);
			runOnlyForDeploymentPostprocessing = 0;
		};
/* End PBXSourcesBuildPhase section */

/* Begin PBXVariantGroup section */
		E372ACB31EC91A390085DAC9 /* Main.storyboard */ = {
			isa = PBXVariantGroup;
			children = (
				E372ACB41EC91A390085DAC9 /* Base */,
			);
			name = Main.storyboard;
			sourceTree = "<group>";
		};
		E372ACBB1EC91A390085DAC9 /* LaunchScreen.storyboard */ = {
			isa = PBXVariantGroup;
			children = (
				E372ACBC1EC91A390085DAC9 /* Base */,
			);
			name = LaunchScreen.storyboard;
			sourceTree = "<group>";
		};
/* End PBXVariantGroup section */

/* Begin XCBuildConfiguration section */
		E372ACBF1EC91A390085DAC9 /* Debug */ = {
			isa = XCBuildConfiguration;
			buildSettings = {
				ALWAYS_SEARCH_USER_PATHS = NO;
				CLANG_ANALYZER_NONNULL = YES;
				CLANG_CXX_LANGUAGE_STANDARD = "gnu++0x";
				CLANG_CXX_LIBRARY = "libc++";
				CLANG_ENABLE_MODULES = YES;
				CLANG_ENABLE_OBJC_ARC = YES;
				CLANG_WARN_BOOL_CONVERSION = YES;
				CLANG_WARN_CONSTANT_CONVERSION = YES;
				CLANG_WARN_DIRECT_OBJC_ISA_USAGE = YES_ERROR;
				CLANG_WARN_DOCUMENTATION_COMMENTS = YES;
				CLANG_WARN_EMPTY_BODY = YES;
				CLANG_WARN_ENUM_CONVERSION = YES;
				CLANG_WARN_INFINITE_RECURSION = YES;
				CLANG_WARN_INT_CONVERSION = YES;
				CLANG_WARN_OBJC_ROOT_CLASS = YES_ERROR;
				CLANG_WARN_SUSPICIOUS_MOVE = YES;
				CLANG_WARN_UNREACHABLE_CODE = YES;
				CLANG_WARN__DUPLICATE_METHOD_MATCH = YES;
				"CODE_SIGN_IDENTITY[sdk=iphoneos*]" = "iPhone Developer";
				COPY_PHASE_STRIP = NO;
				DEBUG_INFORMATION_FORMAT = dwarf;
				ENABLE_STRICT_OBJC_MSGSEND = YES;
				ENABLE_TESTABILITY = YES;
				GCC_C_LANGUAGE_STANDARD = gnu99;
				GCC_DYNAMIC_NO_PIC = NO;
				GCC_NO_COMMON_BLOCKS = YES;
				GCC_OPTIMIZATION_LEVEL = 0;
				GCC_PREPROCESSOR_DEFINITIONS = (
					"DEBUG=1",
					"$(inherited)",
				);
				GCC_WARN_64_TO_32_BIT_CONVERSION = YES;
				GCC_WARN_ABOUT_RETURN_TYPE = YES_ERROR;
				GCC_WARN_UNDECLARED_SELECTOR = YES;
				GCC_WARN_UNINITIALIZED_AUTOS = YES_AGGRESSIVE;
				GCC_WARN_UNUSED_FUNCTION = YES;
				GCC_WARN_UNUSED_VARIABLE = YES;
				IPHONEOS_DEPLOYMENT_TARGET = 10.2;
				MTL_ENABLE_DEBUG_INFO = YES;
				ONLY_ACTIVE_ARCH = YES;
				SDKROOT = iphoneos;
				SWIFT_ACTIVE_COMPILATION_CONDITIONS = DEBUG;
				SWIFT_OPTIMIZATION_LEVEL = "-Onone";
				TARGETED_DEVICE_FAMILY = "1,2";
			};
			name = Debug;
		};
		E372ACC01EC91A390085DAC9 /* Release */ = {
			isa = XCBuildConfiguration;
			buildSettings = {
				ALWAYS_SEARCH_USER_PATHS = NO;
				CLANG_ANALYZER_NONNULL = YES;
				CLANG_CXX_LANGUAGE_STANDARD = "gnu++0x";
				CLANG_CXX_LIBRARY = "libc++";
				CLANG_ENABLE_MODULES = YES;
				CLANG_ENABLE_OBJC_ARC = YES;
				CLANG_WARN_BOOL_CONVERSION = YES;
				CLANG_WARN_CONSTANT_CONVERSION = YES;
				CLANG_WARN_DIRECT_OBJC_ISA_USAGE = YES_ERROR;
				CLANG_WARN_DOCUMENTATION_COMMENTS = YES;
				CLANG_WARN_EMPTY_BODY = YES;
				CLANG_WARN_ENUM_CONVERSION = YES;
				CLANG_WARN_INFINITE_RECURSION = YES;
				CLANG_WARN_INT_CONVERSION = YES;
				CLANG_WARN_OBJC_ROOT_CLASS = YES_ERROR;
				CLANG_WARN_SUSPICIOUS_MOVE = YES;
				CLANG_WARN_UNREACHABLE_CODE = YES;
				CLANG_WARN__DUPLICATE_METHOD_MATCH = YES;
				"CODE_SIGN_IDENTITY[sdk=iphoneos*]" = "iPhone Developer";
				COPY_PHASE_STRIP = NO;
				DEBUG_INFORMATION_FORMAT = "dwarf-with-dsym";
				ENABLE_NS_ASSERTIONS = NO;
				ENABLE_STRICT_OBJC_MSGSEND = YES;
				GCC_C_LANGUAGE_STANDARD = gnu99;
				GCC_NO_COMMON_BLOCKS = YES;
				GCC_WARN_64_TO_32_BIT_CONVERSION = YES;
				GCC_WARN_ABOUT_RETURN_TYPE = YES_ERROR;
				GCC_WARN_UNDECLARED_SELECTOR = YES;
				GCC_WARN_UNINITIALIZED_AUTOS = YES_AGGRESSIVE;
				GCC_WARN_UNUSED_FUNCTION = YES;
				GCC_WARN_UNUSED_VARIABLE = YES;
				IPHONEOS_DEPLOYMENT_TARGET = 10.2;
				MTL_ENABLE_DEBUG_INFO = NO;
				SDKROOT = iphoneos;
				SWIFT_OPTIMIZATION_LEVEL = "-Owholemodule";
				TARGETED_DEVICE_FAMILY = "1,2";
				VALIDATE_PRODUCT = YES;
			};
			name = Release;
		};
		E372ACC21EC91A390085DAC9 /* Debug */ = {
			isa = XCBuildConfiguration;
			baseConfigurationReference = AB17CE8CA0B26716CC9C0841 /* Pods-UBCollaborate.debug.xcconfig */;
			buildSettings = {
				ASSETCATALOG_COMPILER_APPICON_NAME = AppIcon;
				DEVELOPMENT_TEAM = "";
				INFOPLIST_FILE = UBCollaborate/Info.plist;
				LD_RUNPATH_SEARCH_PATHS = "$(inherited) @executable_path/Frameworks";
				PRODUCT_BUNDLE_IDENTIFIER = onurtuna.UBCollaborate;
				PRODUCT_NAME = "$(TARGET_NAME)";
				SWIFT_VERSION = 3.0;
			};
			name = Debug;
		};
		E372ACC31EC91A390085DAC9 /* Release */ = {
			isa = XCBuildConfiguration;
			baseConfigurationReference = 2D23320F04B9332C7B50ED14 /* Pods-UBCollaborate.release.xcconfig */;
			buildSettings = {
				ASSETCATALOG_COMPILER_APPICON_NAME = AppIcon;
				DEVELOPMENT_TEAM = "";
				INFOPLIST_FILE = UBCollaborate/Info.plist;
				LD_RUNPATH_SEARCH_PATHS = "$(inherited) @executable_path/Frameworks";
				PRODUCT_BUNDLE_IDENTIFIER = onurtuna.UBCollaborate;
				PRODUCT_NAME = "$(TARGET_NAME)";
				SWIFT_VERSION = 3.0;
			};
			name = Release;
		};
/* End XCBuildConfiguration section */

/* Begin XCConfigurationList section */
		E372ACA71EC91A390085DAC9 /* Build configuration list for PBXProject "UBCollaborate" */ = {
			isa = XCConfigurationList;
			buildConfigurations = (
				E372ACBF1EC91A390085DAC9 /* Debug */,
				E372ACC01EC91A390085DAC9 /* Release */,
			);
			defaultConfigurationIsVisible = 0;
			defaultConfigurationName = Release;
		};
		E372ACC11EC91A390085DAC9 /* Build configuration list for PBXNativeTarget "UBCollaborate" */ = {
			isa = XCConfigurationList;
			buildConfigurations = (
				E372ACC21EC91A390085DAC9 /* Debug */,
				E372ACC31EC91A390085DAC9 /* Release */,
			);
			defaultConfigurationIsVisible = 0;
			defaultConfigurationName = Release;
		};
/* End XCConfigurationList section */

/* Begin XCVersionGroup section */
		E372ACB61EC91A390085DAC9 /* UBCollaborate.xcdatamodeld */ = {
			isa = XCVersionGroup;
			children = (
				E372ACB71EC91A390085DAC9 /* UBCollaborate.xcdatamodel */,
			);
			currentVersion = E372ACB71EC91A390085DAC9 /* UBCollaborate.xcdatamodel */;
			path = UBCollaborate.xcdatamodeld;
			sourceTree = "<group>";
			versionGroupType = wrapper.xcdatamodel;
		};
/* End XCVersionGroup section */
	};
	rootObject = E372ACA41EC91A390085DAC9 /* Project object */;
}
